// !$*UTF8*$!
{
	archiveVersion = 1;
	classes = {
	};
	objectVersion = 50;
	objects = {

/* Begin PBXBuildFile section */
		805B130A215E04C9005D0A0A /* AppDelegate.swift in Sources */ = {isa = PBXBuildFile; fileRef = 805B1309215E04C9005D0A0A /* AppDelegate.swift */; };
		805B130C215E04C9005D0A0A /* ViewController.swift in Sources */ = {isa = PBXBuildFile; fileRef = 805B130B215E04C9005D0A0A /* ViewController.swift */; };
		805B130F215E04C9005D0A0A /* Main.storyboard in Resources */ = {isa = PBXBuildFile; fileRef = 805B130D215E04C9005D0A0A /* Main.storyboard */; };
		805B1311215E04CC005D0A0A /* Assets.xcassets in Resources */ = {isa = PBXBuildFile; fileRef = 805B1310215E04CC005D0A0A /* Assets.xcassets */; };
		805B1314215E04CC005D0A0A /* LaunchScreen.storyboard in Resources */ = {isa = PBXBuildFile; fileRef = 805B1312215E04CC005D0A0A /* LaunchScreen.storyboard */; };
		805B131D215E062B005D0A0A /* BaseDefines.swift in Sources */ = {isa = PBXBuildFile; fileRef = 805B131C215E062B005D0A0A /* BaseDefines.swift */; };
		8080B6F2215F0FBC00CD5F68 /* SCToast.swift in Sources */ = {isa = PBXBuildFile; fileRef = 8080B6F1215F0FBC00CD5F68 /* SCToast.swift */; };
/* End PBXBuildFile section */

/* Begin PBXFileReference section */
		805B1306215E04C9005D0A0A /* ProjectWraper.app */ = {isa = PBXFileReference; explicitFileType = wrapper.application; includeInIndex = 0; path = ProjectWraper.app; sourceTree = BUILT_PRODUCTS_DIR; };
		805B1309215E04C9005D0A0A /* AppDelegate.swift */ = {isa = PBXFileReference; lastKnownFileType = sourcecode.swift; path = AppDelegate.swift; sourceTree = "<group>"; };
		805B130B215E04C9005D0A0A /* ViewController.swift */ = {isa = PBXFileReference; lastKnownFileType = sourcecode.swift; path = ViewController.swift; sourceTree = "<group>"; };
		805B130E215E04C9005D0A0A /* Base */ = {isa = PBXFileReference; lastKnownFileType = file.storyboard; name = Base; path = Base.lproj/Main.storyboard; sourceTree = "<group>"; };
		805B1310215E04CC005D0A0A /* Assets.xcassets */ = {isa = PBXFileReference; lastKnownFileType = folder.assetcatalog; path = Assets.xcassets; sourceTree = "<group>"; };
		805B1313215E04CC005D0A0A /* Base */ = {isa = PBXFileReference; lastKnownFileType = file.storyboard; name = Base; path = Base.lproj/LaunchScreen.storyboard; sourceTree = "<group>"; };
		805B1315215E04CC005D0A0A /* Info.plist */ = {isa = PBXFileReference; lastKnownFileType = text.plist.xml; path = Info.plist; sourceTree = "<group>"; };
		805B131C215E062B005D0A0A /* BaseDefines.swift */ = {isa = PBXFileReference; lastKnownFileType = sourcecode.swift; path = BaseDefines.swift; sourceTree = "<group>"; };
		8080B6F1215F0FBC00CD5F68 /* SCToast.swift */ = {isa = PBXFileReference; lastKnownFileType = sourcecode.swift; path = SCToast.swift; sourceTree = "<group>"; };
/* End PBXFileReference section */

/* Begin PBXFrameworksBuildPhase section */
		805B1303215E04C9005D0A0A /* Frameworks */ = {
			isa = PBXFrameworksBuildPhase;
			buildActionMask = 2147483647;
			files = (
			);
			runOnlyForDeploymentPostprocessing = 0;
		};
/* End PBXFrameworksBuildPhase section */

/* Begin PBXGroup section */
		805B12FD215E04C9005D0A0A = {
			isa = PBXGroup;
			children = (
				805B1308215E04C9005D0A0A /* ProjectWraper */,
				805B1307215E04C9005D0A0A /* Products */,
			);
			sourceTree = "<group>";
		};
		805B1307215E04C9005D0A0A /* Products */ = {
			isa = PBXGroup;
			children = (
				805B1306215E04C9005D0A0A /* ProjectWraper.app */,
			);
			name = Products;
			sourceTree = "<group>";
		};
		805B1308215E04C9005D0A0A /* ProjectWraper */ = {
			isa = PBXGroup;
			children = (
				805B1309215E04C9005D0A0A /* AppDelegate.swift */,
				805B130B215E04C9005D0A0A /* ViewController.swift */,
				805B131E215E1BD4005D0A0A /* BaseTools */,
				805B131B215E0513005D0A0A /* BaseProject */,
				805B130D215E04C9005D0A0A /* Main.storyboard */,
				805B1310215E04CC005D0A0A /* Assets.xcassets */,
				805B1312215E04CC005D0A0A /* LaunchScreen.storyboard */,
				805B1315215E04CC005D0A0A /* Info.plist */,
			);
			path = ProjectWraper;
			sourceTree = "<group>";
		};
		805B131B215E0513005D0A0A /* BaseProject */ = {
			isa = PBXGroup;
			children = (
				805B131C215E062B005D0A0A /* BaseDefines.swift */,
			);
			path = BaseProject;
			sourceTree = "<group>";
		};
		805B131E215E1BD4005D0A0A /* BaseTools */ = {
			isa = PBXGroup;
			children = (
				8080B6F1215F0FBC00CD5F68 /* SCToast.swift */,
			);
			path = BaseTools;
			sourceTree = "<group>";
		};
/* End PBXGroup section */

/* Begin PBXNativeTarget section */
		805B1305215E04C9005D0A0A /* ProjectWraper */ = {
			isa = PBXNativeTarget;
			buildConfigurationList = 805B1318215E04CC005D0A0A /* Build configuration list for PBXNativeTarget "ProjectWraper" */;
			buildPhases = (
				805B1302215E04C9005D0A0A /* Sources */,
				805B1303215E04C9005D0A0A /* Frameworks */,
				805B1304215E04C9005D0A0A /* Resources */,
			);
			buildRules = (
			);
			dependencies = (
			);
			name = ProjectWraper;
			productName = ProjectWraper;
			productReference = 805B1306215E04C9005D0A0A /* ProjectWraper.app */;
			productType = "com.apple.product-type.application";
		};
/* End PBXNativeTarget section */

/* Begin PBXProject section */
		805B12FE215E04C9005D0A0A /* Project object */ = {
			isa = PBXProject;
			attributes = {
				LastSwiftUpdateCheck = 1000;
				LastUpgradeCheck = 1000;
				ORGANIZATIONNAME = YJYX;
				TargetAttributes = {
					805B1305215E04C9005D0A0A = {
						CreatedOnToolsVersion = 10.0;
					};
				};
			};
			buildConfigurationList = 805B1301215E04C9005D0A0A /* Build configuration list for PBXProject "ProjectWraper" */;
			compatibilityVersion = "Xcode 9.3";
			developmentRegion = en;
			hasScannedForEncodings = 0;
			knownRegions = (
				en,
				Base,
			);
			mainGroup = 805B12FD215E04C9005D0A0A;
			productRefGroup = 805B1307215E04C9005D0A0A /* Products */;
			projectDirPath = "";
			projectRoot = "";
			targets = (
				805B1305215E04C9005D0A0A /* ProjectWraper */,
			);
		};
/* End PBXProject section */

/* Begin PBXResourcesBuildPhase section */
		805B1304215E04C9005D0A0A /* Resources */ = {
			isa = PBXResourcesBuildPhase;
			buildActionMask = 2147483647;
			files = (
				805B1314215E04CC005D0A0A /* LaunchScreen.storyboard in Resources */,
				805B1311215E04CC005D0A0A /* Assets.xcassets in Resources */,
				805B130F215E04C9005D0A0A /* Main.storyboard in Resources */,
			);
			runOnlyForDeploymentPostprocessing = 0;
		};
/* End PBXResourcesBuildPhase section */

/* Begin PBXSourcesBuildPhase section */
		805B1302215E04C9005D0A0A /* Sources */ = {
			isa = PBXSourcesBuildPhase;
			buildActionMask = 2147483647;
			files = (
				805B130C215E04C9005D0A0A /* ViewController.swift in Sources */,
				8080B6F2215F0FBC00CD5F68 /* SCToast.swift in Sources */,
				805B130A215E04C9005D0A0A /* AppDelegate.swift in Sources */,
				805B131D215E062B005D0A0A /* BaseDefines.swift in Sources */,
			);
			runOnlyForDeploymentPostprocessing = 0;
		};
/* End PBXSourcesBuildPhase section */

/* Begin PBXVariantGroup section */
		805B130D215E04C9005D0A0A /* Main.storyboard */ = {
			isa = PBXVariantGroup;
			children = (
				805B130E215E04C9005D0A0A /* Base */,
			);
			name = Main.storyboard;
			sourceTree = "<group>";
		};
		805B1312215E04CC005D0A0A /* LaunchScreen.storyboard */ = {
			isa = PBXVariantGroup;
			children = (
				805B1313215E04CC005D0A0A /* Base */,
			);
			name = LaunchScreen.storyboard;
			sourceTree = "<group>";
		};
/* End PBXVariantGroup section */

/* Begin XCBuildConfiguration section */
		805B1316215E04CC005D0A0A /* Debug */ = {
			isa = XCBuildConfiguration;
			buildSettings = {
				ALWAYS_SEARCH_USER_PATHS = NO;
				CLANG_ANALYZER_NONNULL = YES;
				CLANG_ANALYZER_NUMBER_OBJECT_CONVERSION = YES_AGGRESSIVE;
				CLANG_CXX_LANGUAGE_STANDARD = "gnu++14";
				CLANG_CXX_LIBRARY = "libc++";
				CLANG_ENABLE_MODULES = YES;
				CLANG_ENABLE_OBJC_ARC = YES;
				CLANG_ENABLE_OBJC_WEAK = YES;
				CLANG_WARN_BLOCK_CAPTURE_AUTORELEASING = YES;
				CLANG_WARN_BOOL_CONVERSION = YES;
				CLANG_WARN_COMMA = YES;
				CLANG_WARN_CONSTANT_CONVERSION = YES;
				CLANG_WARN_DEPRECATED_OBJC_IMPLEMENTATIONS = YES;
				CLANG_WARN_DIRECT_OBJC_ISA_USAGE = YES_ERROR;
				CLANG_WARN_DOCUMENTATION_COMMENTS = YES;
				CLANG_WARN_EMPTY_BODY = YES;
				CLANG_WARN_ENUM_CONVERSION = YES;
				CLANG_WARN_INFINITE_RECURSION = YES;
				CLANG_WARN_INT_CONVERSION = YES;
				CLANG_WARN_NON_LITERAL_NULL_CONVERSION = YES;
				CLANG_WARN_OBJC_IMPLICIT_RETAIN_SELF = YES;
				CLANG_WARN_OBJC_LITERAL_CONVERSION = YES;
				CLANG_WARN_OBJC_ROOT_CLASS = YES_ERROR;
				CLANG_WARN_RANGE_LOOP_ANALYSIS = YES;
				CLANG_WARN_STRICT_PROTOTYPES = YES;
				CLANG_WARN_SUSPICIOUS_MOVE = YES;
				CLANG_WARN_UNGUARDED_AVAILABILITY = YES_AGGRESSIVE;
				CLANG_WARN_UNREACHABLE_CODE = YES;
				CLANG_WARN__DUPLICATE_METHOD_MATCH = YES;
				CODE_SIGN_IDENTITY = "iPhone Developer";
				COPY_PHASE_STRIP = NO;
				DEBUG_INFORMATION_FORMAT = dwarf;
				ENABLE_STRICT_OBJC_MSGSEND = YES;
				ENABLE_TESTABILITY = YES;
				GCC_C_LANGUAGE_STANDARD = gnu11;
				GCC_DYNAMIC_NO_PIC = NO;
				GCC_NO_COMMON_BLOCKS = YES;
				GCC_OPTIMIZATION_LEVEL = 0;
				GCC_PREPROCESSOR_DEFINITIONS = (
					"DEBUG=1",
					"$(inherited)",
				);
				GCC_WARN_64_TO_32_BIT_CONVERSION = YES;
				GCC_WARN_ABOUT_RETURN_TYPE = YES_ERROR;
				GCC_WARN_UNDECLARED_SELECTOR = YES;
				GCC_WARN_UNINITIALIZED_AUTOS = YES_AGGRESSIVE;
				GCC_WARN_UNUSED_FUNCTION = YES;
				GCC_WARN_UNUSED_VARIABLE = YES;
				IPHONEOS_DEPLOYMENT_TARGET = 12.0;
				MTL_ENABLE_DEBUG_INFO = INCLUDE_SOURCE;
				MTL_FAST_MATH = YES;
				ONLY_ACTIVE_ARCH = YES;
				SDKROOT = iphoneos;
				SWIFT_ACTIVE_COMPILATION_CONDITIONS = DEBUG;
				SWIFT_OPTIMIZATION_LEVEL = "-Onone";
			};
			name = Debug;
		};
		805B1317215E04CC005D0A0A /* Release */ = {
			isa = XCBuildConfiguration;
			buildSettings = {
				ALWAYS_SEARCH_USER_PATHS = NO;
				CLANG_ANALYZER_NONNULL = YES;
				CLANG_ANALYZER_NUMBER_OBJECT_CONVERSION = YES_AGGRESSIVE;
				CLANG_CXX_LANGUAGE_STANDARD = "gnu++14";
				CLANG_CXX_LIBRARY = "libc++";
				CLANG_ENABLE_MODULES = YES;
				CLANG_ENABLE_OBJC_ARC = YES;
				CLANG_ENABLE_OBJC_WEAK = YES;
				CLANG_WARN_BLOCK_CAPTURE_AUTORELEASING = YES;
				CLANG_WARN_BOOL_CONVERSION = YES;
				CLANG_WARN_COMMA = YES;
				CLANG_WARN_CONSTANT_CONVERSION = YES;
				CLANG_WARN_DEPRECATED_OBJC_IMPLEMENTATIONS = YES;
				CLANG_WARN_DIRECT_OBJC_ISA_USAGE = YES_ERROR;
				CLANG_WARN_DOCUMENTATION_COMMENTS = YES;
				CLANG_WARN_EMPTY_BODY = YES;
				CLANG_WARN_ENUM_CONVERSION = YES;
				CLANG_WARN_INFINITE_RECURSION = YES;
				CLANG_WARN_INT_CONVERSION = YES;
				CLANG_WARN_NON_LITERAL_NULL_CONVERSION = YES;
				CLANG_WARN_OBJC_IMPLICIT_RETAIN_SELF = YES;
				CLANG_WARN_OBJC_LITERAL_CONVERSION = YES;
				CLANG_WARN_OBJC_ROOT_CLASS = YES_ERROR;
				CLANG_WARN_RANGE_LOOP_ANALYSIS = YES;
				CLANG_WARN_STRICT_PROTOTYPES = YES;
				CLANG_WARN_SUSPICIOUS_MOVE = YES;
				CLANG_WARN_UNGUARDED_AVAILABILITY = YES_AGGRESSIVE;
				CLANG_WARN_UNREACHABLE_CODE = YES;
				CLANG_WARN__DUPLICATE_METHOD_MATCH = YES;
				CODE_SIGN_IDENTITY = "iPhone Developer";
				COPY_PHASE_STRIP = NO;
				DEBUG_INFORMATION_FORMAT = "dwarf-with-dsym";
				ENABLE_NS_ASSERTIONS = NO;
				ENABLE_STRICT_OBJC_MSGSEND = YES;
				GCC_C_LANGUAGE_STANDARD = gnu11;
				GCC_NO_COMMON_BLOCKS = YES;
				GCC_WARN_64_TO_32_BIT_CONVERSION = YES;
				GCC_WARN_ABOUT_RETURN_TYPE = YES_ERROR;
				GCC_WARN_UNDECLARED_SELECTOR = YES;
				GCC_WARN_UNINITIALIZED_AUTOS = YES_AGGRESSIVE;
				GCC_WARN_UNUSED_FUNCTION = YES;
				GCC_WARN_UNUSED_VARIABLE = YES;
				IPHONEOS_DEPLOYMENT_TARGET = 12.0;
				MTL_ENABLE_DEBUG_INFO = NO;
				MTL_FAST_MATH = YES;
				SDKROOT = iphoneos;
				SWIFT_COMPILATION_MODE = wholemodule;
				SWIFT_OPTIMIZATION_LEVEL = "-O";
				VALIDATE_PRODUCT = YES;
			};
			name = Release;
		};
		805B1319215E04CC005D0A0A /* Debug */ = {
			isa = XCBuildConfiguration;
			buildSettings = {
				ASSETCATALOG_COMPILER_APPICON_NAME = AppIcon;
				CODE_SIGN_STYLE = Automatic;
				INFOPLIST_FILE = ProjectWraper/Info.plist;
				LD_RUNPATH_SEARCH_PATHS = (
					"$(inherited)",
					"@executable_path/Frameworks",
				);
				PRODUCT_BUNDLE_IDENTIFIER = YJYX.ProjectWraper;
				PRODUCT_NAME = "$(TARGET_NAME)";
				SWIFT_VERSION = 4.2;
				TARGETED_DEVICE_FAMILY = "1,2";
			};
			name = Debug;
		};
		805B131A215E04CC005D0A0A /* Release */ = {
			isa = XCBuildConfiguration;
			buildSettings = {
				ASSETCATALOG_COMPILER_APPICON_NAME = AppIcon;
				CODE_SIGN_STYLE = Automatic;
				INFOPLIST_FILE = ProjectWraper/Info.plist;
				LD_RUNPATH_SEARCH_PATHS = (
					"$(inherited)",
					"@executable_path/Frameworks",
				);
				PRODUCT_BUNDLE_IDENTIFIER = YJYX.ProjectWraper;
				PRODUCT_NAME = "$(TARGET_NAME)";
				SWIFT_VERSION = 4.2;
				TARGETED_DEVICE_FAMILY = "1,2";
			};
			name = Release;
		};
/* End XCBuildConfiguration section */

/* Begin XCConfigurationList section */
		805B1301215E04C9005D0A0A /* Build configuration list for PBXProject "ProjectWraper" */ = {
			isa = XCConfigurationList;
			buildConfigurations = (
				805B1316215E04CC005D0A0A /* Debug */,
				805B1317215E04CC005D0A0A /* Release */,
			);
			defaultConfigurationIsVisible = 0;
			defaultConfigurationName = Release;
		};
		805B1318215E04CC005D0A0A /* Build configuration list for PBXNativeTarget "ProjectWraper" */ = {
			isa = XCConfigurationList;
			buildConfigurations = (
				805B1319215E04CC005D0A0A /* Debug */,
				805B131A215E04CC005D0A0A /* Release */,
			);
			defaultConfigurationIsVisible = 0;
			defaultConfigurationName = Release;
		};
/* End XCConfigurationList section */
	};
	rootObject = 805B12FE215E04C9005D0A0A /* Project object */;
}
